
Microsoft Visual Studio Solution File, Format Version 12.00
# Visual Studio 15
VisualStudioVersion = 15.0.28307.329
MinimumVisualStudioVersion = 10.0.40219.1
Project("{FAE04EC0-301F-11D3-BF4B-00C04F79EFBC}") = "CassandraManager.Web", "CassandraManager\CassandraManager.Web.csproj", "{256C9A3D-D1E9-4EE4-8BB0-3994E5E2439B}"
EndProject
Project("{FAE04EC0-301F-11D3-BF4B-00C04F79EFBC}") = "CassandraManager.Models", "CassandraManager.Models\CassandraManager.Models.csproj", "{91031EE6-C033-470D-B1FB-F2122C8A9F3D}"
EndProject
Project("{FAE04EC0-301F-11D3-BF4B-00C04F79EFBC}") = "CassandraManager.Services", "CassandraManager.Services\CassandraManager.Services.csproj", "{EC9EB5AA-0CFA-4494-9893-CDE56F20ECD3}"
EndProject
Project("{FAE04EC0-301F-11D3-BF4B-00C04F79EFBC}") = "CassandraManager.App", "CassandraManager.App\CassandraManager.App.csproj", "{40BE40B1-F132-47DB-8673-9FC07D016420}"
EndProject
Global
	GlobalSection(SolutionConfigurationPlatforms) = preSolution
		Debug|Any CPU = Debug|Any CPU
		Release|Any CPU = Release|Any CPU
	EndGlobalSection
	GlobalSection(ProjectConfigurationPlatforms) = postSolution
		{256C9A3D-D1E9-4EE4-8BB0-3994E5E2439B}.Debug|Any CPU.ActiveCfg = Debug|Any CPU
		{256C9A3D-D1E9-4EE4-8BB0-3994E5E2439B}.Debug|Any CPU.Build.0 = Debug|Any CPU
		{256C9A3D-D1E9-4EE4-8BB0-3994E5E2439B}.Release|Any CPU.ActiveCfg = Release|Any CPU
		{256C9A3D-D1E9-4EE4-8BB0-3994E5E2439B}.Release|Any CPU.Build.0 = Release|Any CPU
		{91031EE6-C033-470D-B1FB-F2122C8A9F3D}.Debug|Any CPU.ActiveCfg = Debug|Any CPU
		{91031EE6-C033-470D-B1FB-F2122C8A9F3D}.Debug|Any CPU.Build.0 = Debug|Any CPU
		{91031EE6-C033-470D-B1FB-F2122C8A9F3D}.Release|Any CPU.ActiveCfg = Release|Any CPU
		{91031EE6-C033-470D-B1FB-F2122C8A9F3D}.Release|Any CPU.Build.0 = Release|Any CPU
		{EC9EB5AA-0CFA-4494-9893-CDE56F20ECD3}.Debug|Any CPU.ActiveCfg = Debug|Any CPU
		{EC9EB5AA-0CFA-4494-9893-CDE56F20ECD3}.Debug|Any CPU.Build.0 = Debug|Any CPU
		{EC9EB5AA-0CFA-4494-9893-CDE56F20ECD3}.Release|Any CPU.ActiveCfg = Release|Any CPU
		{EC9EB5AA-0CFA-4494-9893-CDE56F20ECD3}.Release|Any CPU.Build.0 = Release|Any CPU
		{40BE40B1-F132-47DB-8673-9FC07D016420}.Debug|Any CPU.ActiveCfg = Debug|Any CPU
		{40BE40B1-F132-47DB-8673-9FC07D016420}.Debug|Any CPU.Build.0 = Debug|Any CPU
		{40BE40B1-F132-47DB-8673-9FC07D016420}.Release|Any CPU.ActiveCfg = Release|Any CPU
		{40BE40B1-F132-47DB-8673-9FC07D016420}.Release|Any CPU.Build.0 = Release|Any CPU
	EndGlobalSection
	GlobalSection(SolutionProperties) = preSolution
		HideSolutionNode = FALSE
	EndGlobalSection
	GlobalSection(ExtensibilityGlobals) = postSolution
		SolutionGuid = {EBC83E2C-A16A-4EB6-BC65-CF7A12C3BA34}
	EndGlobalSection
EndGlobal
